// !$*UTF8*$!
{
	archiveVersion = 1;
	classes = {
	};
	objectVersion = 46;
	objects = {

/* Begin PBXBuildFile section */
		01423DB11E5CD505008FF382 /* AppDelegate.swift in Sources */ = {isa = PBXBuildFile; fileRef = 01423DB01E5CD505008FF382 /* AppDelegate.swift */; };
		01423DB31E5CD505008FF382 /* ViewController.swift in Sources */ = {isa = PBXBuildFile; fileRef = 01423DB21E5CD505008FF382 /* ViewController.swift */; };
		01423DB61E5CD506008FF382 /* Main.storyboard in Resources */ = {isa = PBXBuildFile; fileRef = 01423DB41E5CD506008FF382 /* Main.storyboard */; };
		01423DB91E5CD506008FF382 /* DoItAgain.xcdatamodeld in Sources */ = {isa = PBXBuildFile; fileRef = 01423DB71E5CD506008FF382 /* DoItAgain.xcdatamodeld */; };
		01423DBB1E5CD506008FF382 /* Assets.xcassets in Resources */ = {isa = PBXBuildFile; fileRef = 01423DBA1E5CD506008FF382 /* Assets.xcassets */; };
		01423DBE1E5CD506008FF382 /* LaunchScreen.storyboard in Resources */ = {isa = PBXBuildFile; fileRef = 01423DBC1E5CD506008FF382 /* LaunchScreen.storyboard */; };
/* End PBXBuildFile section */

/* Begin PBXFileReference section */
		01423DAD1E5CD505008FF382 /* DoItAgain.app */ = {isa = PBXFileReference; explicitFileType = wrapper.application; includeInIndex = 0; path = DoItAgain.app; sourceTree = BUILT_PRODUCTS_DIR; };
		01423DB01E5CD505008FF382 /* AppDelegate.swift */ = {isa = PBXFileReference; lastKnownFileType = sourcecode.swift; path = AppDelegate.swift; sourceTree = "<group>"; };
		01423DB21E5CD505008FF382 /* ViewController.swift */ = {isa = PBXFileReference; lastKnownFileType = sourcecode.swift; path = ViewController.swift; sourceTree = "<group>"; };
		01423DB51E5CD506008FF382 /* Base */ = {isa = PBXFileReference; lastKnownFileType = file.storyboard; name = Base; path = Base.lproj/Main.storyboard; sourceTree = "<group>"; };
		01423DB81E5CD506008FF382 /* DoItAgain.xcdatamodel */ = {isa = PBXFileReference; lastKnownFileType = wrapper.xcdatamodel; path = DoItAgain.xcdatamodel; sourceTree = "<group>"; };
		01423DBA1E5CD506008FF382 /* Assets.xcassets */ = {isa = PBXFileReference; lastKnownFileType = folder.assetcatalog; path = Assets.xcassets; sourceTree = "<group>"; };
		01423DBD1E5CD506008FF382 /* Base */ = {isa = PBXFileReference; lastKnownFileType = file.storyboard; name = Base; path = Base.lproj/LaunchScreen.storyboard; sourceTree = "<group>"; };
		01423DBF1E5CD506008FF382 /* Info.plist */ = {isa = PBXFileReference; lastKnownFileType = text.plist.xml; path = Info.plist; sourceTree = "<group>"; };
/* End PBXFileReference section */

/* Begin PBXFrameworksBuildPhase section */
		01423DAA1E5CD505008FF382 /* Frameworks */ = {
			isa = PBXFrameworksBuildPhase;
			buildActionMask = 2147483647;
			files = (
			);
			runOnlyForDeploymentPostprocessing = 0;
		};
/* End PBXFrameworksBuildPhase section */

/* Begin PBXGroup section */
		01423DA41E5CD505008FF382 = {
			isa = PBXGroup;
			children = (
				01423DAF1E5CD505008FF382 /* DoItAgain */,
				01423DAE1E5CD505008FF382 /* Products */,
			);
			sourceTree = "<group>";
		};
		01423DAE1E5CD505008FF382 /* Products */ = {
			isa = PBXGroup;
			children = (
				01423DAD1E5CD505008FF382 /* DoItAgain.app */,
			);
			name = Products;
			sourceTree = "<group>";
		};
		01423DAF1E5CD505008FF382 /* DoItAgain */ = {
			isa = PBXGroup;
			children = (
				01423DB01E5CD505008FF382 /* AppDelegate.swift */,
				01423DB21E5CD505008FF382 /* ViewController.swift */,
				01423DB41E5CD506008FF382 /* Main.storyboard */,
				01423DBA1E5CD506008FF382 /* Assets.xcassets */,
				01423DBC1E5CD506008FF382 /* LaunchScreen.storyboard */,
				01423DBF1E5CD506008FF382 /* Info.plist */,
				01423DB71E5CD506008FF382 /* DoItAgain.xcdatamodeld */,
			);
			path = DoItAgain;
			sourceTree = "<group>";
		};
/* End PBXGroup section */

/* Begin PBXNativeTarget section */
		01423DAC1E5CD505008FF382 /* DoItAgain */ = {
			isa = PBXNativeTarget;
			buildConfigurationList = 01423DC21E5CD506008FF382 /* Build configuration list for PBXNativeTarget "DoItAgain" */;
			buildPhases = (
				01423DA91E5CD505008FF382 /* Sources */,
				01423DAA1E5CD505008FF382 /* Frameworks */,
				01423DAB1E5CD505008FF382 /* Resources */,
			);
			buildRules = (
			);
			dependencies = (
			);
			name = DoItAgain;
			productName = DoItAgain;
			productReference = 01423DAD1E5CD505008FF382 /* DoItAgain.app */;
			productType = "com.apple.product-type.application";
		};
/* End PBXNativeTarget section */

/* Begin PBXProject section */
		01423DA51E5CD505008FF382 /* Project object */ = {
			isa = PBXProject;
			attributes = {
				LastSwiftUpdateCheck = 0820;
				LastUpgradeCheck = 0820;
				ORGANIZATIONNAME = soroshahmadi;
				TargetAttributes = {
					01423DAC1E5CD505008FF382 = {
						CreatedOnToolsVersion = 8.2.1;
						DevelopmentTeam = 68S92AEXPT;
						ProvisioningStyle = Automatic;
					};
				};
			};
			buildConfigurationList = 01423DA81E5CD505008FF382 /* Build configuration list for PBXProject "DoItAgain" */;
			compatibilityVersion = "Xcode 3.2";
			developmentRegion = English;
			hasScannedForEncodings = 0;
			knownRegions = (
				en,
				Base,
			);
			mainGroup = 01423DA41E5CD505008FF382;
			productRefGroup = 01423DAE1E5CD505008FF382 /* Products */;
			projectDirPath = "";
			projectRoot = "";
			targets = (
				01423DAC1E5CD505008FF382 /* DoItAgain */,
			);
		};
/* End PBXProject section */

/* Begin PBXResourcesBuildPhase section */
		01423DAB1E5CD505008FF382 /* Resources */ = {
			isa = PBXResourcesBuildPhase;
			buildActionMask = 2147483647;
			files = (
				01423DBE1E5CD506008FF382 /* LaunchScreen.storyboard in Resources */,
				01423DBB1E5CD506008FF382 /* Assets.xcassets in Resources */,
				01423DB61E5CD506008FF382 /* Main.storyboard in Resources */,
			);
			runOnlyForDeploymentPostprocessing = 0;
		};
/* End PBXResourcesBuildPhase section */

/* Begin PBXSourcesBuildPhase section */
		01423DA91E5CD505008FF382 /* Sources */ = {
			isa = PBXSourcesBuildPhase;
			buildActionMask = 2147483647;
			files = (
				01423DB91E5CD506008FF382 /* DoItAgain.xcdatamodeld in Sources */,
				01423DB31E5CD505008FF382 /* ViewController.swift in Sources */,
				01423DB11E5CD505008FF382 /* AppDelegate.swift in Sources */,
			);
			runOnlyForDeploymentPostprocessing = 0;
		};
/* End PBXSourcesBuildPhase section */

/* Begin PBXVariantGroup section */
		01423DB41E5CD506008FF382 /* Main.storyboard */ = {
			isa = PBXVariantGroup;
			children = (
				01423DB51E5CD506008FF382 /* Base */,
			);
			name = Main.storyboard;
			sourceTree = "<group>";
		};
		01423DBC1E5CD506008FF382 /* LaunchScreen.storyboard */ = {
			isa = PBXVariantGroup;
			children = (
				01423DBD1E5CD506008FF382 /* Base */,
			);
			name = LaunchScreen.storyboard;
			sourceTree = "<group>";
		};
/* End PBXVariantGroup section */

/* Begin XCBuildConfiguration section */
		01423DC01E5CD506008FF382 /* Debug */ = {
			isa = XCBuildConfiguration;
			buildSettings = {
				ALWAYS_SEARCH_USER_PATHS = NO;
				CLANG_ANALYZER_NONNULL = YES;
				CLANG_CXX_LANGUAGE_STANDARD = "gnu++0x";
				CLANG_CXX_LIBRARY = "libc++";
				CLANG_ENABLE_MODULES = YES;
				CLANG_ENABLE_OBJC_ARC = YES;
				CLANG_WARN_BOOL_CONVERSION = YES;
				CLANG_WARN_CONSTANT_CONVERSION = YES;
				CLANG_WARN_DIRECT_OBJC_ISA_USAGE = YES_ERROR;
				CLANG_WARN_DOCUMENTATION_COMMENTS = YES;
				CLANG_WARN_EMPTY_BODY = YES;
				CLANG_WARN_ENUM_CONVERSION = YES;
				CLANG_WARN_INFINITE_RECURSION = YES;
				CLANG_WARN_INT_CONVERSION = YES;
				CLANG_WARN_OBJC_ROOT_CLASS = YES_ERROR;
				CLANG_WARN_SUSPICIOUS_MOVE = YES;
				CLANG_WARN_UNREACHABLE_CODE = YES;
				CLANG_WARN__DUPLICATE_METHOD_MATCH = YES;
				"CODE_SIGN_IDENTITY[sdk=iphoneos*]" = "iPhone Developer";
				COPY_PHASE_STRIP = NO;
				DEBUG_INFORMATION_FORMAT = dwarf;
				ENABLE_STRICT_OBJC_MSGSEND = YES;
				ENABLE_TESTABILITY = YES;
				GCC_C_LANGUAGE_STANDARD = gnu99;
				GCC_DYNAMIC_NO_PIC = NO;
				GCC_NO_COMMON_BLOCKS = YES;
				GCC_OPTIMIZATION_LEVEL = 0;
				GCC_PREPROCESSOR_DEFINITIONS = (
					"DEBUG=1",
					"$(inherited)",
				);
				GCC_WARN_64_TO_32_BIT_CONVERSION = YES;
				GCC_WARN_ABOUT_RETURN_TYPE = YES_ERROR;
				GCC_WARN_UNDECLARED_SELECTOR = YES;
				GCC_WARN_UNINITIALIZED_AUTOS = YES_AGGRESSIVE;
				GCC_WARN_UNUSED_FUNCTION = YES;
				GCC_WARN_UNUSED_VARIABLE = YES;
				IPHONEOS_DEPLOYMENT_TARGET = 10.2;
				MTL_ENABLE_DEBUG_INFO = YES;
				ONLY_ACTIVE_ARCH = YES;
				SDKROOT = iphoneos;
				SWIFT_ACTIVE_COMPILATION_CONDITIONS = DEBUG;
				SWIFT_OPTIMIZATION_LEVEL = "-Onone";
				TARGETED_DEVICE_FAMILY = "1,2";
			};
			name = Debug;
		};
		01423DC11E5CD506008FF382 /* Release */ = {
			isa = XCBuildConfiguration;
			buildSettings = {
				ALWAYS_SEARCH_USER_PATHS = NO;
				CLANG_ANALYZER_NONNULL = YES;
				CLANG_CXX_LANGUAGE_STANDARD = "gnu++0x";
				CLANG_CXX_LIBRARY = "libc++";
				CLANG_ENABLE_MODULES = YES;
				CLANG_ENABLE_OBJC_ARC = YES;
				CLANG_WARN_BOOL_CONVERSION = YES;
				CLANG_WARN_CONSTANT_CONVERSION = YES;
				CLANG_WARN_DIRECT_OBJC_ISA_USAGE = YES_ERROR;
				CLANG_WARN_DOCUMENTATION_COMMENTS = YES;
				CLANG_WARN_EMPTY_BODY = YES;
				CLANG_WARN_ENUM_CONVERSION = YES;
				CLANG_WARN_INFINITE_RECURSION = YES;
				CLANG_WARN_INT_CONVERSION = YES;
				CLANG_WARN_OBJC_ROOT_CLASS = YES_ERROR;
				CLANG_WARN_SUSPICIOUS_MOVE = YES;
				CLANG_WARN_UNREACHABLE_CODE = YES;
				CLANG_WARN__DUPLICATE_METHOD_MATCH = YES;
				"CODE_SIGN_IDENTITY[sdk=iphoneos*]" = "iPhone Developer";
				COPY_PHASE_STRIP = NO;
				DEBUG_INFORMATION_FORMAT = "dwarf-with-dsym";
				ENABLE_NS_ASSERTIONS = NO;
				ENABLE_STRICT_OBJC_MSGSEND = YES;
				GCC_C_LANGUAGE_STANDARD = gnu99;
				GCC_NO_COMMON_BLOCKS = YES;
				GCC_WARN_64_TO_32_BIT_CONVERSION = YES;
				GCC_WARN_ABOUT_RETURN_TYPE = YES_ERROR;
				GCC_WARN_UNDECLARED_SELECTOR = YES;
				GCC_WARN_UNINITIALIZED_AUTOS = YES_AGGRESSIVE;
				GCC_WARN_UNUSED_FUNCTION = YES;
				GCC_WARN_UNUSED_VARIABLE = YES;
				IPHONEOS_DEPLOYMENT_TARGET = 10.2;
				MTL_ENABLE_DEBUG_INFO = NO;
				SDKROOT = iphoneos;
				SWIFT_OPTIMIZATION_LEVEL = "-Owholemodule";
				TARGETED_DEVICE_FAMILY = "1,2";
				VALIDATE_PRODUCT = YES;
			};
			name = Release;
		};
		01423DC31E5CD506008FF382 /* Debug */ = {
			isa = XCBuildConfiguration;
			buildSettings = {
				ASSETCATALOG_COMPILER_APPICON_NAME = AppIcon;
				DEVELOPMENT_TEAM = 68S92AEXPT;
				INFOPLIST_FILE = DoItAgain/Info.plist;
				LD_RUNPATH_SEARCH_PATHS = "$(inherited) @executable_path/Frameworks";
				PRODUCT_BUNDLE_IDENTIFIER = com.soroshahmadi.DoItAgain;
				PRODUCT_NAME = "$(TARGET_NAME)";
				SWIFT_VERSION = 3.0;
			};
			name = Debug;
		};
		01423DC41E5CD506008FF382 /* Release */ = {
			isa = XCBuildConfiguration;
			buildSettings = {
				ASSETCATALOG_COMPILER_APPICON_NAME = AppIcon;
				DEVELOPMENT_TEAM = 68S92AEXPT;
				INFOPLIST_FILE = DoItAgain/Info.plist;
				LD_RUNPATH_SEARCH_PATHS = "$(inherited) @executable_path/Frameworks";
				PRODUCT_BUNDLE_IDENTIFIER = com.soroshahmadi.DoItAgain;
				PRODUCT_NAME = "$(TARGET_NAME)";
				SWIFT_VERSION = 3.0;
			};
			name = Release;
		};
/* End XCBuildConfiguration section */

/* Begin XCConfigurationList section */
		01423DA81E5CD505008FF382 /* Build configuration list for PBXProject "DoItAgain" */ = {
			isa = XCConfigurationList;
			buildConfigurations = (
				01423DC01E5CD506008FF382 /* Debug */,
				01423DC11E5CD506008FF382 /* Release */,
			);
			defaultConfigurationIsVisible = 0;
			defaultConfigurationName = Release;
		};
		01423DC21E5CD506008FF382 /* Build configuration list for PBXNativeTarget "DoItAgain" */ = {
			isa = XCConfigurationList;
			buildConfigurations = (
				01423DC31E5CD506008FF382 /* Debug */,
				01423DC41E5CD506008FF382 /* Release */,
			);
			defaultConfigurationIsVisible = 0;
		};
/* End XCConfigurationList section */

/* Begin XCVersionGroup section */
		01423DB71E5CD506008FF382 /* DoItAgain.xcdatamodeld */ = {
			isa = XCVersionGroup;
			children = (
				01423DB81E5CD506008FF382 /* DoItAgain.xcdatamodel */,
			);
			currentVersion = 01423DB81E5CD506008FF382 /* DoItAgain.xcdatamodel */;
			path = DoItAgain.xcdatamodeld;
			sourceTree = "<group>";
			versionGroupType = wrapper.xcdatamodel;
		};
/* End XCVersionGroup section */
	};
	rootObject = 01423DA51E5CD505008FF382 /* Project object */;
}
